
Microsoft Visual Studio Solution File, Format Version 12.00
# Visual Studio Version 17
VisualStudioVersion = 17.4.33205.214
MinimumVisualStudioVersion = 10.0.40219.1
Project("{FAE04EC0-301F-11D3-BF4B-00C04F79EFBC}") = "WindowsFormsApp2", "WindowsFormsApp2\WindowsFormsApp2.csproj", "{12CA7C9A-7192-477A-9EF2-435C8BF027B6}"
EndProject
Global
	GlobalSection(SolutionConfigurationPlatforms) = preSolution
		Debug|Any CPU = Debug|Any CPU
		Release|Any CPU = Release|Any CPU
	EndGlobalSection
	GlobalSection(ProjectConfigurationPlatforms) = postSolution
		{12CA7C9A-7192-477A-9EF2-435C8BF027B6}.Debug|Any CPU.ActiveCfg = Debug|Any CPU
		{12CA7C9A-7192-477A-9EF2-435C8BF027B6}.Debug|Any CPU.Build.0 = Debug|Any CPU
		{12CA7C9A-7192-477A-9EF2-435C8BF027B6}.Release|Any CPU.ActiveCfg = Release|Any CPU
		{12CA7C9A-7192-477A-9EF2-435C8BF027B6}.Release|Any CPU.Build.0 = Release|Any CPU
	EndGlobalSection
	GlobalSection(SolutionProperties) = preSolution
		HideSolutionNode = FALSE
	EndGlobalSection
	GlobalSection(ExtensibilityGlobals) = postSolution
		SolutionGuid = {016B1FF0-0AA2-4B3D-9AA4-AACC6CF3EAC0}
	EndGlobalSection
EndGlobal
